{
  "name": "midnight-private-negotiation-v2",
  "version": "2.0.0",
  "lockfileVersion": 3,
  "requires": true,
  "packages": {
    "": {
      "name": "midnight-private-negotiation-v2",
      "version": "2.0.0",
      "workspaces": [
        "packages/*"
      ],
      "devDependencies": {
        "@types/node": "^24.0.0",
        "typescript": "^5.9.0"
      },
      "engines": {
        "node": ">=22.13.0"
      }
    },
    "node_modules/@midnight-negotiation/buyer-runtime": {
      "resolved": "packages/buyer-runtime",
      "link": true
    },
    "node_modules/@midnight-negotiation/demo-controller": {
      "resolved": "packages/demo-controller",
      "link": true
    },
    "node_modules/@midnight-negotiation/observer-runtime": {
      "resolved": "packages/observer-runtime",
      "link": true
    },
    "node_modules/@midnight-negotiation/protocol": {
      "resolved": "packages/protocol",
      "link": true
    },
    "node_modules/@midnight-negotiation/seller-runtime": {
      "resolved": "packages/seller-runtime",
      "link": true
    },
    "node_modules/@types/node": {
      "version": "24.13.3",
      "resolved": "https://registry.npmjs.org/@types/node/-/node-24.13.3.tgz",
      "integrity": "sha512-Dh8vAsV36ig5wa9OX4pXvMc9D3Veibfw2wix0CUwYODLD8nkj9UsLjASr49nPg+2eKzxhBV+v7L8pXvT4e639Q==",
      "dev": true,
      "license": "MIT",
      "dependencies": {
        "undici-types": "~7.18.0"
      }
    },
    "node_modules/typescript": {
      "version": "5.9.3",
      "resolved": "https://registry.npmjs.org/typescript/-/typescript-5.9.3.tgz",
      "integrity": "sha512-jl1vZzPDinLr9eUt3J/t7V6FgNEw9QjvBPdysz9KfQDD41fQrC2Y4vKQdiaUpFT4bXlb1RHhLpp8wtm6M5TgSw==",
      "dev": true,
      "license": "Apache-2.0",
      "bin": {
        "tsc": "bin/tsc",
        "tsserver": "bin/tsserver"
      },
      "engines": {
        "node": ">=14.17"
      }
    },
    "node_modules/undici-types": {
      "version": "7.18.2",
      "resolved": "https://registry.npmjs.org/undici-types/-/undici-types-7.18.2.tgz",
      "integrity": "sha512-AsuCzffGHJybSaRrmr5eHr81mwJU3kjw6M+uprWvCXiNeN9SOGwQ3Jn8jb8m3Z6izVgknn1R0FTCEAP2QrLY/w==",
      "dev": true,
      "license": "MIT"
    },
    "packages/buyer-runtime": {
      "name": "@midnight-negotiation/buyer-runtime",
      "version": "2.0.0",
      "dependencies": {
        "@midnight-negotiation/protocol": "2.0.0"
      }
    },
    "packages/demo-controller": {
      "name": "@midnight-negotiation/demo-controller",
      "version": "2.0.0",
      "dependencies": {
        "@midnight-negotiation/protocol": "2.0.0"
      }
    },
    "packages/observer-runtime": {
      "name": "@midnight-negotiation/observer-runtime",
      "version": "2.0.0",
      "dependencies": {
        "@midnight-negotiation/protocol": "2.0.0"
      }
    },
    "packages/protocol": {
      "name": "@midnight-negotiation/protocol",
      "version": "2.0.0"
    },
    "packages/seller-runtime": {
      "name": "@midnight-negotiation/seller-runtime",
      "version": "2.0.0",
      "dependencies": {
        "@midnight-negotiation/protocol": "2.0.0"
      }
    }
  }
}
